// !$*UTF8*$!
{
	archiveVersion = 1;
	classes = {
	};
	objectVersion = 46;
	objects = {

/* Begin PBXBuildFile section */
		E5B4E87A1AC4C89200C012B0 /* main.cpp in Sources */ = {isa = PBXBuildFile; fileRef = E5B4E8791AC4C89200C012B0 /* main.cpp */; };
		E5B4E8821AC4C8CA00C012B0 /* CaesarCipher.cpp in Sources */ = {isa = PBXBuildFile; fileRef = E5B4E8801AC4C8CA00C012B0 /* CaesarCipher.cpp */; };
/* End PBXBuildFile section */

/* Begin PBXCopyFilesBuildPhase section */
		E5B4E8741AC4C89200C012B0 /* CopyFiles */ = {
			isa = PBXCopyFilesBuildPhase;
			buildActionMask = 2147483647;
			dstPath = /usr/share/man/man1/;
			dstSubfolderSpec = 0;
			files = (
			);
			runOnlyForDeploymentPostprocessing = 1;
		};
/* End PBXCopyFilesBuildPhase section */

/* Begin PBXFileReference section */
		E5B4E8761AC4C89200C012B0 /* CaesarCipher */ = {isa = PBXFileReference; explicitFileType = "compiled.mach-o.executable"; includeInIndex = 0; path = CaesarCipher; sourceTree = BUILT_PRODUCTS_DIR; };
		E5B4E8791AC4C89200C012B0 /* main.cpp */ = {isa = PBXFileReference; lastKnownFileType = sourcecode.cpp.cpp; path = main.cpp; sourceTree = "<group>"; };
		E5B4E8801AC4C8CA00C012B0 /* CaesarCipher.cpp */ = {isa = PBXFileReference; fileEncoding = 4; lastKnownFileType = sourcecode.cpp.cpp; path = CaesarCipher.cpp; sourceTree = "<group>"; };
		E5B4E8811AC4C8CA00C012B0 /* CaesarCipher.h */ = {isa = PBXFileReference; fileEncoding = 4; indentWidth = 2; lastKnownFileType = sourcecode.c.h; path = CaesarCipher.h; sourceTree = "<group>"; tabWidth = 2; };
/* End PBXFileReference section */

/* Begin PBXFrameworksBuildPhase section */
		E5B4E8731AC4C89200C012B0 /* Frameworks */ = {
			isa = PBXFrameworksBuildPhase;
			buildActionMask = 2147483647;
			files = (
			);
			runOnlyForDeploymentPostprocessing = 0;
		};
/* End PBXFrameworksBuildPhase section */

/* Begin PBXGroup section */
		E5B4E86D1AC4C89200C012B0 = {
			isa = PBXGroup;
			children = (
				E5B4E8781AC4C89200C012B0 /* CaesarCipher */,
				E5B4E8771AC4C89200C012B0 /* Products */,
			);
			sourceTree = "<group>";
		};
		E5B4E8771AC4C89200C012B0 /* Products */ = {
			isa = PBXGroup;
			children = (
				E5B4E8761AC4C89200C012B0 /* CaesarCipher */,
			);
			name = Products;
			sourceTree = "<group>";
		};
		E5B4E8781AC4C89200C012B0 /* CaesarCipher */ = {
			isa = PBXGroup;
			children = (
				E5B4E8791AC4C89200C012B0 /* main.cpp */,
				E5B4E8801AC4C8CA00C012B0 /* CaesarCipher.cpp */,
				E5B4E8811AC4C8CA00C012B0 /* CaesarCipher.h */,
			);
			path = CaesarCipher;
			sourceTree = "<group>";
		};
/* End PBXGroup section */

/* Begin PBXNativeTarget section */
		E5B4E8751AC4C89200C012B0 /* CaesarCipher */ = {
			isa = PBXNativeTarget;
			buildConfigurationList = E5B4E87D1AC4C89200C012B0 /* Build configuration list for PBXNativeTarget "CaesarCipher" */;
			buildPhases = (
				E5B4E8721AC4C89200C012B0 /* Sources */,
				E5B4E8731AC4C89200C012B0 /* Frameworks */,
				E5B4E8741AC4C89200C012B0 /* CopyFiles */,
			);
			buildRules = (
			);
			dependencies = (
			);
			name = CaesarCipher;
			productName = CaesarCipher;
			productReference = E5B4E8761AC4C89200C012B0 /* CaesarCipher */;
			productType = "com.apple.product-type.tool";
		};
/* End PBXNativeTarget section */

/* Begin PBXProject section */
		E5B4E86E1AC4C89200C012B0 /* Project object */ = {
			isa = PBXProject;
			attributes = {
				LastUpgradeCheck = 0620;
				ORGANIZATIONNAME = "david swift";
				TargetAttributes = {
					E5B4E8751AC4C89200C012B0 = {
						CreatedOnToolsVersion = 6.2;
					};
				};
			};
			buildConfigurationList = E5B4E8711AC4C89200C012B0 /* Build configuration list for PBXProject "CaesarCipher" */;
			compatibilityVersion = "Xcode 3.2";
			developmentRegion = English;
			hasScannedForEncodings = 0;
			knownRegions = (
				en,
			);
			mainGroup = E5B4E86D1AC4C89200C012B0;
			productRefGroup = E5B4E8771AC4C89200C012B0 /* Products */;
			projectDirPath = "";
			projectRoot = "";
			targets = (
				E5B4E8751AC4C89200C012B0 /* CaesarCipher */,
			);
		};
/* End PBXProject section */

/* Begin PBXSourcesBuildPhase section */
		E5B4E8721AC4C89200C012B0 /* Sources */ = {
			isa = PBXSourcesBuildPhase;
			buildActionMask = 2147483647;
			files = (
				E5B4E87A1AC4C89200C012B0 /* main.cpp in Sources */,
				E5B4E8821AC4C8CA00C012B0 /* CaesarCipher.cpp in Sources */,
			);
			runOnlyForDeploymentPostprocessing = 0;
		};
/* End PBXSourcesBuildPhase section */

/* Begin XCBuildConfiguration section */
		E5B4E87B1AC4C89200C012B0 /* Debug */ = {
			isa = XCBuildConfiguration;
			buildSettings = {
				ALWAYS_SEARCH_USER_PATHS = NO;
				CLANG_CXX_LANGUAGE_STANDARD = "gnu++0x";
				CLANG_CXX_LIBRARY = "libc++";
				CLANG_ENABLE_MODULES = YES;
				CLANG_ENABLE_OBJC_ARC = YES;
				CLANG_WARN_BOOL_CONVERSION = YES;
				CLANG_WARN_CONSTANT_CONVERSION = YES;
				CLANG_WARN_DIRECT_OBJC_ISA_USAGE = YES_ERROR;
				CLANG_WARN_EMPTY_BODY = YES;
				CLANG_WARN_ENUM_CONVERSION = YES;
				CLANG_WARN_INT_CONVERSION = YES;
				CLANG_WARN_OBJC_ROOT_CLASS = YES_ERROR;
				CLANG_WARN_UNREACHABLE_CODE = YES;
				CLANG_WARN__DUPLICATE_METHOD_MATCH = YES;
				COPY_PHASE_STRIP = NO;
				ENABLE_STRICT_OBJC_MSGSEND = YES;
				GCC_C_LANGUAGE_STANDARD = gnu99;
				GCC_DYNAMIC_NO_PIC = NO;
				GCC_OPTIMIZATION_LEVEL = 0;
				GCC_PREPROCESSOR_DEFINITIONS = (
					"DEBUG=1",
					"$(inherited)",
				);
				GCC_SYMBOLS_PRIVATE_EXTERN = NO;
				GCC_WARN_64_TO_32_BIT_CONVERSION = YES;
				GCC_WARN_ABOUT_RETURN_TYPE = YES_ERROR;
				GCC_WARN_UNDECLARED_SELECTOR = YES;
				GCC_WARN_UNINITIALIZED_AUTOS = YES_AGGRESSIVE;
				GCC_WARN_UNUSED_FUNCTION = YES;
				GCC_WARN_UNUSED_VARIABLE = YES;
				MACOSX_DEPLOYMENT_TARGET = 10.10;
				MTL_ENABLE_DEBUG_INFO = YES;
				ONLY_ACTIVE_ARCH = YES;
				SDKROOT = macosx;
			};
			name = Debug;
		};
		E5B4E87C1AC4C89200C012B0 /* Release */ = {
			isa = XCBuildConfiguration;
			buildSettings = {
				ALWAYS_SEARCH_USER_PATHS = NO;
				CLANG_CXX_LANGUAGE_STANDARD = "gnu++0x";
				CLANG_CXX_LIBRARY = "libc++";
				CLANG_ENABLE_MODULES = YES;
				CLANG_ENABLE_OBJC_ARC = YES;
				CLANG_WARN_BOOL_CONVERSION = YES;
				CLANG_WARN_CONSTANT_CONVERSION = YES;
				CLANG_WARN_DIRECT_OBJC_ISA_USAGE = YES_ERROR;
				CLANG_WARN_EMPTY_BODY = YES;
				CLANG_WARN_ENUM_CONVERSION = YES;
				CLANG_WARN_INT_CONVERSION = YES;
				CLANG_WARN_OBJC_ROOT_CLASS = YES_ERROR;
				CLANG_WARN_UNREACHABLE_CODE = YES;
				CLANG_WARN__DUPLICATE_METHOD_MATCH = YES;
				COPY_PHASE_STRIP = NO;
				DEBUG_INFORMATION_FORMAT = "dwarf-with-dsym";
				ENABLE_NS_ASSERTIONS = NO;
				ENABLE_STRICT_OBJC_MSGSEND = YES;
				GCC_C_LANGUAGE_STANDARD = gnu99;
				GCC_WARN_64_TO_32_BIT_CONVERSION = YES;
				GCC_WARN_ABOUT_RETURN_TYPE = YES_ERROR;
				GCC_WARN_UNDECLARED_SELECTOR = YES;
				GCC_WARN_UNINITIALIZED_AUTOS = YES_AGGRESSIVE;
				GCC_WARN_UNUSED_FUNCTION = YES;
				GCC_WARN_UNUSED_VARIABLE = YES;
				MACOSX_DEPLOYMENT_TARGET = 10.10;
				MTL_ENABLE_DEBUG_INFO = NO;
				SDKROOT = macosx;
			};
			name = Release;
		};
		E5B4E87E1AC4C89200C012B0 /* Debug */ = {
			isa = XCBuildConfiguration;
			buildSettings = {
				PRODUCT_NAME = "$(TARGET_NAME)";
			};
			name = Debug;
		};
		E5B4E87F1AC4C89200C012B0 /* Release */ = {
			isa = XCBuildConfiguration;
			buildSettings = {
				PRODUCT_NAME = "$(TARGET_NAME)";
			};
			name = Release;
		};
/* End XCBuildConfiguration section */

/* Begin XCConfigurationList section */
		E5B4E8711AC4C89200C012B0 /* Build configuration list for PBXProject "CaesarCipher" */ = {
			isa = XCConfigurationList;
			buildConfigurations = (
				E5B4E87B1AC4C89200C012B0 /* Debug */,
				E5B4E87C1AC4C89200C012B0 /* Release */,
			);
			defaultConfigurationIsVisible = 0;
			defaultConfigurationName = Release;
		};
		E5B4E87D1AC4C89200C012B0 /* Build configuration list for PBXNativeTarget "CaesarCipher" */ = {
			isa = XCConfigurationList;
			buildConfigurations = (
				E5B4E87E1AC4C89200C012B0 /* Debug */,
				E5B4E87F1AC4C89200C012B0 /* Release */,
			);
			defaultConfigurationIsVisible = 0;
		};
/* End XCConfigurationList section */
	};
	rootObject = E5B4E86E1AC4C89200C012B0 /* Project object */;
}
